
Microsoft Visual Studio Solution File, Format Version 12.00
# Visual Studio Version 17
VisualStudioVersion = 17.1.32328.378
MinimumVisualStudioVersion = 10.0.40219.1
Project("{00D1A9C2-B5F0-4AF3-8072-F6C62B433612}") = "WS.OrderHub.Database", "WS.OrderHub.Database\WS.OrderHub.Database.sqlproj", "{F43ADB85-B895-4D3B-8301-C3ABE35D8737}"
EndProject
Project("{9A19103F-16F7-4668-BE54-9A1E7A4F7556}") = "WS.OrderHub.Managers", "WS.OrderHub.Managers\WS.OrderHub.Managers.csproj", "{E7434D9D-0AD7-4E34-9887-30F2819266C9}"
EndProject
Project("{9A19103F-16F7-4668-BE54-9A1E7A4F7556}") = "WS.OrderHub.Managers.Tests", "WS.OrderHub.Managers.Tests\WS.OrderHub.Managers.Tests.csproj", "{E79209BC-F187-4181-AE4A-C8524A512862}"
EndProject
Project("{9A19103F-16F7-4668-BE54-9A1E7A4F7556}") = "WS.OrderHub.Models", "WS.OrderHub.Models\WS.OrderHub.Models.csproj", "{919A5D03-58DD-44EC-ADBE-A085459DE478}"
EndProject
Project("{9A19103F-16F7-4668-BE54-9A1E7A4F7556}") = "WS.OrderHub.ViewModels", "WS.OrderHub.ViewModels\WS.OrderHub.ViewModels.csproj", "{D7E845F3-D8C8-45F0-ACE5-2B4A43F2AE14}"
EndProject
Project("{2150E333-8FDC-42A3-9474-1A3956D46DE8}") = ".Text Files", ".Text Files", "{8C66AA2E-BDB4-4D7E-9267-BEE09483377A}"
	ProjectSection(SolutionItems) = preProject
		NuGet Packages.txt = NuGet Packages.txt
		SKUVault Test Data.txt = SKUVault Test Data.txt
	EndProjectSection
EndProject
Project("{2150E333-8FDC-42A3-9474-1A3956D46DE8}") = "Shared Libraries", "Shared Libraries", "{F4EA65CD-E891-49AA-9741-413497017F0B}"
EndProject
Project("{9A19103F-16F7-4668-BE54-9A1E7A4F7556}") = "ShipWorks", "ShipWorks\ShipWorks.csproj", "{36560F41-08EC-4133-BFF0-B8AF07B75286}"
EndProject
Project("{9A19103F-16F7-4668-BE54-9A1E7A4F7556}") = "Data", "Data\Data.csproj", "{A0B73D23-2B81-47FF-87BC-AF79443155AB}"
EndProject
Project("{9A19103F-16F7-4668-BE54-9A1E7A4F7556}") = "ShipWorks.Models", "ShipWorks.Models\ShipWorks.Models.csproj", "{05DB12B0-8113-4825-B89B-5713DD2D6175}"
EndProject
Project("{9A19103F-16F7-4668-BE54-9A1E7A4F7556}") = "Utilities", "Utilities\Utilities.csproj", "{DF2DB768-1D5B-48F6-852C-F987F34A382C}"
EndProject
Project("{2150E333-8FDC-42A3-9474-1A3956D46DE8}") = "ShipWorks Libraries", "ShipWorks Libraries", "{9D559386-E043-4939-9C9A-588A5DD4FDB8}"
EndProject
Project("{9A19103F-16F7-4668-BE54-9A1E7A4F7556}") = "ShipWorks.Tests", "ShipWorks.Tests\ShipWorks.Tests.csproj", "{3B961DF0-5D66-4C3F-B680-03904FF186D6}"
EndProject
Project("{9A19103F-16F7-4668-BE54-9A1E7A4F7556}") = "SKUVault.Models", "SKUVault.Models\SKUVault.Models.csproj", "{855470EC-1551-48A0-8566-A36CCFBE38E0}"
EndProject
Project("{2150E333-8FDC-42A3-9474-1A3956D46DE8}") = "SKUVault Libraries", "SKUVault Libraries", "{094A0456-B2EC-48B0-B326-D5D94B2B735D}"
	ProjectSection(SolutionItems) = preProject
		Documentation.txt = Documentation.txt
	EndProjectSection
EndProject
Project("{9A19103F-16F7-4668-BE54-9A1E7A4F7556}") = "SKUVault", "SKUVault\SKUVault.csproj", "{3D290AA7-5221-4845-9E85-75089BA8135F}"
EndProject
Project("{9A19103F-16F7-4668-BE54-9A1E7A4F7556}") = "SKUVault.Tests", "SKUVault.Tests\SKUVault.Tests.csproj", "{B2DB1A7C-48D2-4CAC-B4DB-360A633F1A88}"
EndProject
Project("{9A19103F-16F7-4668-BE54-9A1E7A4F7556}") = "SKUVault.ViewModels", "SKUVault.ViewModels\SKUVault.ViewModels.csproj", "{53280BF7-8254-4BC4-83A1-0BFA9F67AD34}"
EndProject
Project("{9A19103F-16F7-4668-BE54-9A1E7A4F7556}") = "WS.OrderHub.Views", "WS.OrderHub.Views\WS.OrderHub.Views.csproj", "{6A34064B-BB51-4AED-9B92-99BBE0A7B596}"
EndProject
Project("{2150E333-8FDC-42A3-9474-1A3956D46DE8}") = "UIComponents Libraries", "UIComponents Libraries", "{68CD1D59-2B89-4468-8C40-5AC43B78D032}"
EndProject
Project("{9A19103F-16F7-4668-BE54-9A1E7A4F7556}") = "UIComponents.ViewModels", "UIComponents.ViewModels\UIComponents.ViewModels.csproj", "{66DA5C87-42C3-4E52-92A5-F12722771F26}"
EndProject
Project("{9A19103F-16F7-4668-BE54-9A1E7A4F7556}") = "UIComponents.Views", "UIComponents.Views\UIComponents.Views.csproj", "{8863266A-0254-478B-93BE-0B7AC0BBD346}"
EndProject
Project("{9A19103F-16F7-4668-BE54-9A1E7A4F7556}") = "Utilities.Barcodes", "Utilities.Barcodes\Utilities.Barcodes.csproj", "{321D0C55-F69C-4536-A26D-EAE8BEBD66AD}"
EndProject
Project("{9A19103F-16F7-4668-BE54-9A1E7A4F7556}") = "Utilities.Reporting", "Utilities.Reporting\Utilities.Reporting.csproj", "{C5BEB201-8294-4D14-9A31-DC3D3CFA2893}"
EndProject
Project("{9A19103F-16F7-4668-BE54-9A1E7A4F7556}") = "WS.OrderHub.ViewModels.Tests", "WS.OrderHub.ViewModels.Tests\WS.OrderHub.ViewModels.Tests.csproj", "{EA7FE641-A2FA-4975-A44F-891564CA5288}"
EndProject
Global
	GlobalSection(SolutionConfigurationPlatforms) = preSolution
		Debug|Any CPU = Debug|Any CPU
		Release|Any CPU = Release|Any CPU
	EndGlobalSection
	GlobalSection(ProjectConfigurationPlatforms) = postSolution
		{F43ADB85-B895-4D3B-8301-C3ABE35D8737}.Debug|Any CPU.ActiveCfg = Debug|Any CPU
		{F43ADB85-B895-4D3B-8301-C3ABE35D8737}.Debug|Any CPU.Build.0 = Debug|Any CPU
		{F43ADB85-B895-4D3B-8301-C3ABE35D8737}.Debug|Any CPU.Deploy.0 = Debug|Any CPU
		{F43ADB85-B895-4D3B-8301-C3ABE35D8737}.Release|Any CPU.ActiveCfg = Release|Any CPU
		{F43ADB85-B895-4D3B-8301-C3ABE35D8737}.Release|Any CPU.Build.0 = Release|Any CPU
		{F43ADB85-B895-4D3B-8301-C3ABE35D8737}.Release|Any CPU.Deploy.0 = Release|Any CPU
		{E7434D9D-0AD7-4E34-9887-30F2819266C9}.Debug|Any CPU.ActiveCfg = Debug|Any CPU
		{E7434D9D-0AD7-4E34-9887-30F2819266C9}.Debug|Any CPU.Build.0 = Debug|Any CPU
		{E7434D9D-0AD7-4E34-9887-30F2819266C9}.Release|Any CPU.ActiveCfg = Release|Any CPU
		{E7434D9D-0AD7-4E34-9887-30F2819266C9}.Release|Any CPU.Build.0 = Release|Any CPU
		{E79209BC-F187-4181-AE4A-C8524A512862}.Debug|Any CPU.ActiveCfg = Debug|Any CPU
		{E79209BC-F187-4181-AE4A-C8524A512862}.Debug|Any CPU.Build.0 = Debug|Any CPU
		{E79209BC-F187-4181-AE4A-C8524A512862}.Release|Any CPU.ActiveCfg = Release|Any CPU
		{E79209BC-F187-4181-AE4A-C8524A512862}.Release|Any CPU.Build.0 = Release|Any CPU
		{919A5D03-58DD-44EC-ADBE-A085459DE478}.Debug|Any CPU.ActiveCfg = Debug|Any CPU
		{919A5D03-58DD-44EC-ADBE-A085459DE478}.Debug|Any CPU.Build.0 = Debug|Any CPU
		{919A5D03-58DD-44EC-ADBE-A085459DE478}.Release|Any CPU.ActiveCfg = Release|Any CPU
		{919A5D03-58DD-44EC-ADBE-A085459DE478}.Release|Any CPU.Build.0 = Release|Any CPU
		{D7E845F3-D8C8-45F0-ACE5-2B4A43F2AE14}.Debug|Any CPU.ActiveCfg = Debug|Any CPU
		{D7E845F3-D8C8-45F0-ACE5-2B4A43F2AE14}.Debug|Any CPU.Build.0 = Debug|Any CPU
		{D7E845F3-D8C8-45F0-ACE5-2B4A43F2AE14}.Release|Any CPU.ActiveCfg = Release|Any CPU
		{D7E845F3-D8C8-45F0-ACE5-2B4A43F2AE14}.Release|Any CPU.Build.0 = Release|Any CPU
		{36560F41-08EC-4133-BFF0-B8AF07B75286}.Debug|Any CPU.ActiveCfg = Debug|Any CPU
		{36560F41-08EC-4133-BFF0-B8AF07B75286}.Debug|Any CPU.Build.0 = Debug|Any CPU
		{36560F41-08EC-4133-BFF0-B8AF07B75286}.Release|Any CPU.ActiveCfg = Release|Any CPU
		{36560F41-08EC-4133-BFF0-B8AF07B75286}.Release|Any CPU.Build.0 = Release|Any CPU
		{A0B73D23-2B81-47FF-87BC-AF79443155AB}.Debug|Any CPU.ActiveCfg = Debug|Any CPU
		{A0B73D23-2B81-47FF-87BC-AF79443155AB}.Debug|Any CPU.Build.0 = Debug|Any CPU
		{A0B73D23-2B81-47FF-87BC-AF79443155AB}.Release|Any CPU.ActiveCfg = Release|Any CPU
		{A0B73D23-2B81-47FF-87BC-AF79443155AB}.Release|Any CPU.Build.0 = Release|Any CPU
		{05DB12B0-8113-4825-B89B-5713DD2D6175}.Debug|Any CPU.ActiveCfg = Debug|Any CPU
		{05DB12B0-8113-4825-B89B-5713DD2D6175}.Debug|Any CPU.Build.0 = Debug|Any CPU
		{05DB12B0-8113-4825-B89B-5713DD2D6175}.Release|Any CPU.ActiveCfg = Release|Any CPU
		{05DB12B0-8113-4825-B89B-5713DD2D6175}.Release|Any CPU.Build.0 = Release|Any CPU
		{DF2DB768-1D5B-48F6-852C-F987F34A382C}.Debug|Any CPU.ActiveCfg = Debug|Any CPU
		{DF2DB768-1D5B-48F6-852C-F987F34A382C}.Debug|Any CPU.Build.0 = Debug|Any CPU
		{DF2DB768-1D5B-48F6-852C-F987F34A382C}.Release|Any CPU.ActiveCfg = Release|Any CPU
		{DF2DB768-1D5B-48F6-852C-F987F34A382C}.Release|Any CPU.Build.0 = Release|Any CPU
		{3B961DF0-5D66-4C3F-B680-03904FF186D6}.Debug|Any CPU.ActiveCfg = Debug|Any CPU
		{3B961DF0-5D66-4C3F-B680-03904FF186D6}.Debug|Any CPU.Build.0 = Debug|Any CPU
		{3B961DF0-5D66-4C3F-B680-03904FF186D6}.Release|Any CPU.ActiveCfg = Release|Any CPU
		{3B961DF0-5D66-4C3F-B680-03904FF186D6}.Release|Any CPU.Build.0 = Release|Any CPU
		{855470EC-1551-48A0-8566-A36CCFBE38E0}.Debug|Any CPU.ActiveCfg = Debug|Any CPU
		{855470EC-1551-48A0-8566-A36CCFBE38E0}.Debug|Any CPU.Build.0 = Debug|Any CPU
		{855470EC-1551-48A0-8566-A36CCFBE38E0}.Release|Any CPU.ActiveCfg = Release|Any CPU
		{855470EC-1551-48A0-8566-A36CCFBE38E0}.Release|Any CPU.Build.0 = Release|Any CPU
		{3D290AA7-5221-4845-9E85-75089BA8135F}.Debug|Any CPU.ActiveCfg = Debug|Any CPU
		{3D290AA7-5221-4845-9E85-75089BA8135F}.Debug|Any CPU.Build.0 = Debug|Any CPU
		{3D290AA7-5221-4845-9E85-75089BA8135F}.Release|Any CPU.ActiveCfg = Release|Any CPU
		{3D290AA7-5221-4845-9E85-75089BA8135F}.Release|Any CPU.Build.0 = Release|Any CPU
		{B2DB1A7C-48D2-4CAC-B4DB-360A633F1A88}.Debug|Any CPU.ActiveCfg = Debug|Any CPU
		{B2DB1A7C-48D2-4CAC-B4DB-360A633F1A88}.Debug|Any CPU.Build.0 = Debug|Any CPU
		{B2DB1A7C-48D2-4CAC-B4DB-360A633F1A88}.Release|Any CPU.ActiveCfg = Release|Any CPU
		{B2DB1A7C-48D2-4CAC-B4DB-360A633F1A88}.Release|Any CPU.Build.0 = Release|Any CPU
		{53280BF7-8254-4BC4-83A1-0BFA9F67AD34}.Debug|Any CPU.ActiveCfg = Debug|Any CPU
		{53280BF7-8254-4BC4-83A1-0BFA9F67AD34}.Debug|Any CPU.Build.0 = Debug|Any CPU
		{53280BF7-8254-4BC4-83A1-0BFA9F67AD34}.Release|Any CPU.ActiveCfg = Release|Any CPU
		{53280BF7-8254-4BC4-83A1-0BFA9F67AD34}.Release|Any CPU.Build.0 = Release|Any CPU
		{6A34064B-BB51-4AED-9B92-99BBE0A7B596}.Debug|Any CPU.ActiveCfg = Debug|Any CPU
		{6A34064B-BB51-4AED-9B92-99BBE0A7B596}.Debug|Any CPU.Build.0 = Debug|Any CPU
		{6A34064B-BB51-4AED-9B92-99BBE0A7B596}.Release|Any CPU.ActiveCfg = Release|Any CPU
		{6A34064B-BB51-4AED-9B92-99BBE0A7B596}.Release|Any CPU.Build.0 = Release|Any CPU
		{66DA5C87-42C3-4E52-92A5-F12722771F26}.Debug|Any CPU.ActiveCfg = Debug|Any CPU
		{66DA5C87-42C3-4E52-92A5-F12722771F26}.Debug|Any CPU.Build.0 = Debug|Any CPU
		{66DA5C87-42C3-4E52-92A5-F12722771F26}.Release|Any CPU.ActiveCfg = Release|Any CPU
		{66DA5C87-42C3-4E52-92A5-F12722771F26}.Release|Any CPU.Build.0 = Release|Any CPU
		{8863266A-0254-478B-93BE-0B7AC0BBD346}.Debug|Any CPU.ActiveCfg = Debug|Any CPU
		{8863266A-0254-478B-93BE-0B7AC0BBD346}.Debug|Any CPU.Build.0 = Debug|Any CPU
		{8863266A-0254-478B-93BE-0B7AC0BBD346}.Release|Any CPU.ActiveCfg = Release|Any CPU
		{8863266A-0254-478B-93BE-0B7AC0BBD346}.Release|Any CPU.Build.0 = Release|Any CPU
		{321D0C55-F69C-4536-A26D-EAE8BEBD66AD}.Debug|Any CPU.ActiveCfg = Debug|Any CPU
		{321D0C55-F69C-4536-A26D-EAE8BEBD66AD}.Debug|Any CPU.Build.0 = Debug|Any CPU
		{321D0C55-F69C-4536-A26D-EAE8BEBD66AD}.Release|Any CPU.ActiveCfg = Release|Any CPU
		{321D0C55-F69C-4536-A26D-EAE8BEBD66AD}.Release|Any CPU.Build.0 = Release|Any CPU
		{C5BEB201-8294-4D14-9A31-DC3D3CFA2893}.Debug|Any CPU.ActiveCfg = Debug|Any CPU
		{C5BEB201-8294-4D14-9A31-DC3D3CFA2893}.Debug|Any CPU.Build.0 = Debug|Any CPU
		{C5BEB201-8294-4D14-9A31-DC3D3CFA2893}.Release|Any CPU.ActiveCfg = Release|Any CPU
		{C5BEB201-8294-4D14-9A31-DC3D3CFA2893}.Release|Any CPU.Build.0 = Release|Any CPU
		{EA7FE641-A2FA-4975-A44F-891564CA5288}.Debug|Any CPU.ActiveCfg = Debug|Any CPU
		{EA7FE641-A2FA-4975-A44F-891564CA5288}.Debug|Any CPU.Build.0 = Debug|Any CPU
		{EA7FE641-A2FA-4975-A44F-891564CA5288}.Release|Any CPU.ActiveCfg = Release|Any CPU
		{EA7FE641-A2FA-4975-A44F-891564CA5288}.Release|Any CPU.Build.0 = Release|Any CPU
	EndGlobalSection
	GlobalSection(SolutionProperties) = preSolution
		HideSolutionNode = FALSE
	EndGlobalSection
	GlobalSection(NestedProjects) = preSolution
		{36560F41-08EC-4133-BFF0-B8AF07B75286} = {9D559386-E043-4939-9C9A-588A5DD4FDB8}
		{A0B73D23-2B81-47FF-87BC-AF79443155AB} = {F4EA65CD-E891-49AA-9741-413497017F0B}
		{05DB12B0-8113-4825-B89B-5713DD2D6175} = {9D559386-E043-4939-9C9A-588A5DD4FDB8}
		{DF2DB768-1D5B-48F6-852C-F987F34A382C} = {F4EA65CD-E891-49AA-9741-413497017F0B}
		{9D559386-E043-4939-9C9A-588A5DD4FDB8} = {F4EA65CD-E891-49AA-9741-413497017F0B}
		{3B961DF0-5D66-4C3F-B680-03904FF186D6} = {9D559386-E043-4939-9C9A-588A5DD4FDB8}
		{855470EC-1551-48A0-8566-A36CCFBE38E0} = {094A0456-B2EC-48B0-B326-D5D94B2B735D}
		{094A0456-B2EC-48B0-B326-D5D94B2B735D} = {F4EA65CD-E891-49AA-9741-413497017F0B}
		{3D290AA7-5221-4845-9E85-75089BA8135F} = {094A0456-B2EC-48B0-B326-D5D94B2B735D}
		{B2DB1A7C-48D2-4CAC-B4DB-360A633F1A88} = {094A0456-B2EC-48B0-B326-D5D94B2B735D}
		{53280BF7-8254-4BC4-83A1-0BFA9F67AD34} = {094A0456-B2EC-48B0-B326-D5D94B2B735D}
		{68CD1D59-2B89-4468-8C40-5AC43B78D032} = {F4EA65CD-E891-49AA-9741-413497017F0B}
		{66DA5C87-42C3-4E52-92A5-F12722771F26} = {68CD1D59-2B89-4468-8C40-5AC43B78D032}
		{8863266A-0254-478B-93BE-0B7AC0BBD346} = {68CD1D59-2B89-4468-8C40-5AC43B78D032}
		{321D0C55-F69C-4536-A26D-EAE8BEBD66AD} = {F4EA65CD-E891-49AA-9741-413497017F0B}
		{C5BEB201-8294-4D14-9A31-DC3D3CFA2893} = {F4EA65CD-E891-49AA-9741-413497017F0B}
	EndGlobalSection
	GlobalSection(ExtensibilityGlobals) = postSolution
		SolutionGuid = {4911C32E-F297-468C-9C40-5564DB162B2D}
	EndGlobalSection
EndGlobal
